
Microsoft Visual Studio Solution File, Format Version 12.00
# Visual Studio Version 16
VisualStudioVersion = 16.0.29009.5
MinimumVisualStudioVersion = 10.0.40219.1
Project("{FAE04EC0-301F-11D3-BF4B-00C04F79EFBC}") = "Exam2", "Exam2\Exam2.csproj", "{BCDB798B-F973-4427-97E5-D5B74A9DBE51}"
EndProject
Global
	GlobalSection(SolutionConfigurationPlatforms) = preSolution
		Debug|Any CPU = Debug|Any CPU
		Release|Any CPU = Release|Any CPU
	EndGlobalSection
	GlobalSection(ProjectConfigurationPlatforms) = postSolution
		{BCDB798B-F973-4427-97E5-D5B74A9DBE51}.Debug|Any CPU.ActiveCfg = Debug|Any CPU
		{BCDB798B-F973-4427-97E5-D5B74A9DBE51}.Debug|Any CPU.Build.0 = Debug|Any CPU
		{BCDB798B-F973-4427-97E5-D5B74A9DBE51}.Release|Any CPU.ActiveCfg = Release|Any CPU
		{BCDB798B-F973-4427-97E5-D5B74A9DBE51}.Release|Any CPU.Build.0 = Release|Any CPU
	EndGlobalSection
	GlobalSection(SolutionProperties) = preSolution
		HideSolutionNode = FALSE
	EndGlobalSection
	GlobalSection(ExtensibilityGlobals) = postSolution
		SolutionGuid = {2CB27D77-D979-4156-91FD-65929DF5D456}
	EndGlobalSection
EndGlobal
